
Microsoft Visual Studio Solution File, Format Version 12.00
# Visual Studio Version 17
VisualStudioVersion = 17.14.36212.18
MinimumVisualStudioVersion = 10.0.40219.1
Project("{FAE04EC0-301F-11D3-BF4B-00C04F79EFBC}") = "MusicCrawler.Lib", "MusicCrawler.Lib\MusicCrawler.Lib.csproj", "{578076C6-249D-4707-9491-29A7CA2893FB}"
EndProject
Project("{FAE04EC0-301F-11D3-BF4B-00C04F79EFBC}") = "MusicCrawler.Spotify", "MusicCrawler.Spotify\MusicCrawler.Spotify.csproj", "{B3AE2A18-13DF-40E5-9F44-56147F9A7DBF}"
EndProject
Project("{FAE04EC0-301F-11D3-BF4B-00C04F79EFBC}") = "MusicCrawler.Plex", "MusicCrawler.Plex\MusicCrawler.Plex.csproj", "{D1A6E493-39A1-4F38-9A3F-151BA9988B28}"
EndProject
Project("{FAE04EC0-301F-11D3-BF4B-00C04F79EFBC}") = "MusicCrawler.Tests", "MusicCrawler.Tests\MusicCrawler.Tests.csproj", "{0ECB0EDB-8FBD-4E1D-9C90-CE1967E4DEAB}"
EndProject
Project("{FAE04EC0-301F-11D3-BF4B-00C04F79EFBC}") = "MusicCrawler.Backend", "MusicCrawler.Backend\MusicCrawler.Backend.csproj", "{120BC5CF-228D-40E0-B0BD-D5370B6C55B5}"
EndProject
Project("{FAE04EC0-301F-11D3-BF4B-00C04F79EFBC}") = "MusicCrawler.MongoDB", "MusicCrawler.MongoDB\MusicCrawler.MongoDB.csproj", "{CC01E447-9B0A-4EB7-A564-F5755B5B3BF8}"
EndProject
Project("{FAE04EC0-301F-11D3-BF4B-00C04F79EFBC}") = "AppHost", "AppHost\AppHost.csproj", "{08998C5F-8FFE-4F85-9936-660E1770C519}"
EndProject
Project("{FAE04EC0-301F-11D3-BF4B-00C04F79EFBC}") = "ServiceDefaults", "ServiceDefaults\ServiceDefaults.csproj", "{479E9A08-4DAD-4C6A-A7D3-6D99557D0FDC}"
EndProject
Project("{FAE04EC0-301F-11D3-BF4B-00C04F79EFBC}") = "MusicCrawler.Frontend", "MusicCrawler.Frontend\MusicCrawler.Frontend.csproj", "{8611E569-3A96-E298-087F-BB7DB9903673}"
EndProject
Global
	GlobalSection(SolutionConfigurationPlatforms) = preSolution
		Debug|Any CPU = Debug|Any CPU
		Release|Any CPU = Release|Any CPU
	EndGlobalSection
	GlobalSection(ProjectConfigurationPlatforms) = postSolution
		{578076C6-249D-4707-9491-29A7CA2893FB}.Debug|Any CPU.ActiveCfg = Debug|Any CPU
		{578076C6-249D-4707-9491-29A7CA2893FB}.Debug|Any CPU.Build.0 = Debug|Any CPU
		{578076C6-249D-4707-9491-29A7CA2893FB}.Release|Any CPU.ActiveCfg = Release|Any CPU
		{578076C6-249D-4707-9491-29A7CA2893FB}.Release|Any CPU.Build.0 = Release|Any CPU
		{B3AE2A18-13DF-40E5-9F44-56147F9A7DBF}.Debug|Any CPU.ActiveCfg = Debug|Any CPU
		{B3AE2A18-13DF-40E5-9F44-56147F9A7DBF}.Debug|Any CPU.Build.0 = Debug|Any CPU
		{B3AE2A18-13DF-40E5-9F44-56147F9A7DBF}.Release|Any CPU.ActiveCfg = Release|Any CPU
		{B3AE2A18-13DF-40E5-9F44-56147F9A7DBF}.Release|Any CPU.Build.0 = Release|Any CPU
		{D1A6E493-39A1-4F38-9A3F-151BA9988B28}.Debug|Any CPU.ActiveCfg = Debug|Any CPU
		{D1A6E493-39A1-4F38-9A3F-151BA9988B28}.Debug|Any CPU.Build.0 = Debug|Any CPU
		{D1A6E493-39A1-4F38-9A3F-151BA9988B28}.Release|Any CPU.ActiveCfg = Release|Any CPU
		{D1A6E493-39A1-4F38-9A3F-151BA9988B28}.Release|Any CPU.Build.0 = Release|Any CPU
		{0ECB0EDB-8FBD-4E1D-9C90-CE1967E4DEAB}.Debug|Any CPU.ActiveCfg = Debug|Any CPU
		{0ECB0EDB-8FBD-4E1D-9C90-CE1967E4DEAB}.Debug|Any CPU.Build.0 = Debug|Any CPU
		{0ECB0EDB-8FBD-4E1D-9C90-CE1967E4DEAB}.Release|Any CPU.ActiveCfg = Release|Any CPU
		{0ECB0EDB-8FBD-4E1D-9C90-CE1967E4DEAB}.Release|Any CPU.Build.0 = Release|Any CPU
		{120BC5CF-228D-40E0-B0BD-D5370B6C55B5}.Debug|Any CPU.ActiveCfg = Debug|Any CPU
		{120BC5CF-228D-40E0-B0BD-D5370B6C55B5}.Debug|Any CPU.Build.0 = Debug|Any CPU
		{120BC5CF-228D-40E0-B0BD-D5370B6C55B5}.Release|Any CPU.ActiveCfg = Release|Any CPU
		{120BC5CF-228D-40E0-B0BD-D5370B6C55B5}.Release|Any CPU.Build.0 = Release|Any CPU
		{CC01E447-9B0A-4EB7-A564-F5755B5B3BF8}.Debug|Any CPU.ActiveCfg = Debug|Any CPU
		{CC01E447-9B0A-4EB7-A564-F5755B5B3BF8}.Debug|Any CPU.Build.0 = Debug|Any CPU
		{CC01E447-9B0A-4EB7-A564-F5755B5B3BF8}.Release|Any CPU.ActiveCfg = Release|Any CPU
		{CC01E447-9B0A-4EB7-A564-F5755B5B3BF8}.Release|Any CPU.Build.0 = Release|Any CPU
		{08998C5F-8FFE-4F85-9936-660E1770C519}.Debug|Any CPU.ActiveCfg = Debug|Any CPU
		{08998C5F-8FFE-4F85-9936-660E1770C519}.Debug|Any CPU.Build.0 = Debug|Any CPU
		{08998C5F-8FFE-4F85-9936-660E1770C519}.Release|Any CPU.ActiveCfg = Release|Any CPU
		{08998C5F-8FFE-4F85-9936-660E1770C519}.Release|Any CPU.Build.0 = Release|Any CPU
		{479E9A08-4DAD-4C6A-A7D3-6D99557D0FDC}.Debug|Any CPU.ActiveCfg = Debug|Any CPU
		{479E9A08-4DAD-4C6A-A7D3-6D99557D0FDC}.Debug|Any CPU.Build.0 = Debug|Any CPU
		{479E9A08-4DAD-4C6A-A7D3-6D99557D0FDC}.Release|Any CPU.ActiveCfg = Release|Any CPU
		{479E9A08-4DAD-4C6A-A7D3-6D99557D0FDC}.Release|Any CPU.Build.0 = Release|Any CPU
		{8611E569-3A96-E298-087F-BB7DB9903673}.Debug|Any CPU.ActiveCfg = Debug|Any CPU
		{8611E569-3A96-E298-087F-BB7DB9903673}.Debug|Any CPU.Build.0 = Debug|Any CPU
		{8611E569-3A96-E298-087F-BB7DB9903673}.Release|Any CPU.ActiveCfg = Release|Any CPU
		{8611E569-3A96-E298-087F-BB7DB9903673}.Release|Any CPU.Build.0 = Release|Any CPU
	EndGlobalSection
	GlobalSection(SolutionProperties) = preSolution
		HideSolutionNode = FALSE
	EndGlobalSection
EndGlobal
